// !$*UTF8*$!
{
	archiveVersion = 1;
	classes = {
	};
	objectVersion = 56;
	objects = {

/* Begin PBXBuildFile section */
		25EE2FDD76EB478B3A313A08 /* Pods_WeatherApp_WeatherAppUITests.framework in Frameworks */ = {isa = PBXBuildFile; fileRef = 17E01E69A4642C4BCCA64478 /* Pods_WeatherApp_WeatherAppUITests.framework */; };
		8E1E0D1AE44E4657891D6C83 /* Pods_WeatherAppTests.framework in Frameworks */ = {isa = PBXBuildFile; fileRef = 7A9220CA2CFAE21C94144DD9 /* Pods_WeatherAppTests.framework */; };
		C6CEAFFB8AACB07B2811AA8B /* Pods_WeatherApp.framework in Frameworks */ = {isa = PBXBuildFile; fileRef = 7E4E29D818BF55533DB7F297 /* Pods_WeatherApp.framework */; };
		C93A39622BADF77D00656F77 /* UIScreen.swift in Sources */ = {isa = PBXBuildFile; fileRef = C93A39612BADF77C00656F77 /* UIScreen.swift */; };
		C93A39642BADFB3100656F77 /* TemperatureModel.swift in Sources */ = {isa = PBXBuildFile; fileRef = C93A39632BADFB3100656F77 /* TemperatureModel.swift */; };
		C93A39662BAE0B9500656F77 /* WeatherPropModel.swift in Sources */ = {isa = PBXBuildFile; fileRef = C93A39652BAE0B9500656F77 /* WeatherPropModel.swift */; };
		C9C447682B89268D00FB05BA /* WeatherAppApp.swift in Sources */ = {isa = PBXBuildFile; fileRef = C9C447672B89268D00FB05BA /* WeatherAppApp.swift */; };
		C9C4476A2B89268D00FB05BA /* HomeView.swift in Sources */ = {isa = PBXBuildFile; fileRef = C9C447692B89268D00FB05BA /* HomeView.swift */; };
		C9C4476C2B89268E00FB05BA /* Assets.xcassets in Resources */ = {isa = PBXBuildFile; fileRef = C9C4476B2B89268E00FB05BA /* Assets.xcassets */; };
		C9C4476F2B89268E00FB05BA /* Preview Assets.xcassets in Resources */ = {isa = PBXBuildFile; fileRef = C9C4476E2B89268E00FB05BA /* Preview Assets.xcassets */; };
		C9C447792B89268E00FB05BA /* WeatherAppTests.swift in Sources */ = {isa = PBXBuildFile; fileRef = C9C447782B89268E00FB05BA /* WeatherAppTests.swift */; };
		C9C447832B89268F00FB05BA /* WeatherAppUITests.swift in Sources */ = {isa = PBXBuildFile; fileRef = C9C447822B89268F00FB05BA /* WeatherAppUITests.swift */; };
		C9C447852B89268F00FB05BA /* WeatherAppUITestsLaunchTests.swift in Sources */ = {isa = PBXBuildFile; fileRef = C9C447842B89268F00FB05BA /* WeatherAppUITestsLaunchTests.swift */; };
		C9C447942B8930CD00FB05BA /* WeatherModel.swift in Sources */ = {isa = PBXBuildFile; fileRef = C9C447932B8930CD00FB05BA /* WeatherModel.swift */; };
/* End PBXBuildFile section */

/* Begin PBXContainerItemProxy section */
		C9C447752B89268E00FB05BA /* PBXContainerItemProxy */ = {
			isa = PBXContainerItemProxy;
			containerPortal = C9C4475C2B89268D00FB05BA /* Project object */;
			proxyType = 1;
			remoteGlobalIDString = C9C447632B89268D00FB05BA;
			remoteInfo = WeatherApp;
		};
		C9C4477F2B89268F00FB05BA /* PBXContainerItemProxy */ = {
			isa = PBXContainerItemProxy;
			containerPortal = C9C4475C2B89268D00FB05BA /* Project object */;
			proxyType = 1;
			remoteGlobalIDString = C9C447632B89268D00FB05BA;
			remoteInfo = WeatherApp;
		};
/* End PBXContainerItemProxy section */

/* Begin PBXFileReference section */
		122EF7696DE377D58D4823CA /* Pods-WeatherAppTests.release.xcconfig */ = {isa = PBXFileReference; includeInIndex = 1; lastKnownFileType = text.xcconfig; name = "Pods-WeatherAppTests.release.xcconfig"; path = "Target Support Files/Pods-WeatherAppTests/Pods-WeatherAppTests.release.xcconfig"; sourceTree = "<group>"; };
		17E01E69A4642C4BCCA64478 /* Pods_WeatherApp_WeatherAppUITests.framework */ = {isa = PBXFileReference; explicitFileType = wrapper.framework; includeInIndex = 0; path = Pods_WeatherApp_WeatherAppUITests.framework; sourceTree = BUILT_PRODUCTS_DIR; };
		2B95A887FFCDC6AE904CA48B /* Pods-WeatherApp-WeatherAppUITests.release.xcconfig */ = {isa = PBXFileReference; includeInIndex = 1; lastKnownFileType = text.xcconfig; name = "Pods-WeatherApp-WeatherAppUITests.release.xcconfig"; path = "Target Support Files/Pods-WeatherApp-WeatherAppUITests/Pods-WeatherApp-WeatherAppUITests.release.xcconfig"; sourceTree = "<group>"; };
		2F75677C6748898556B43B73 /* Pods-WeatherApp.debug.xcconfig */ = {isa = PBXFileReference; includeInIndex = 1; lastKnownFileType = text.xcconfig; name = "Pods-WeatherApp.debug.xcconfig"; path = "Target Support Files/Pods-WeatherApp/Pods-WeatherApp.debug.xcconfig"; sourceTree = "<group>"; };
		4315D2801B19011693F9DCC7 /* Pods-WeatherAppTests.debug.xcconfig */ = {isa = PBXFileReference; includeInIndex = 1; lastKnownFileType = text.xcconfig; name = "Pods-WeatherAppTests.debug.xcconfig"; path = "Target Support Files/Pods-WeatherAppTests/Pods-WeatherAppTests.debug.xcconfig"; sourceTree = "<group>"; };
		7A9220CA2CFAE21C94144DD9 /* Pods_WeatherAppTests.framework */ = {isa = PBXFileReference; explicitFileType = wrapper.framework; includeInIndex = 0; path = Pods_WeatherAppTests.framework; sourceTree = BUILT_PRODUCTS_DIR; };
		7E4E29D818BF55533DB7F297 /* Pods_WeatherApp.framework */ = {isa = PBXFileReference; explicitFileType = wrapper.framework; includeInIndex = 0; path = Pods_WeatherApp.framework; sourceTree = BUILT_PRODUCTS_DIR; };
		C454DF23D2F67E1199258E1A /* Pods-WeatherApp-WeatherAppUITests.debug.xcconfig */ = {isa = PBXFileReference; includeInIndex = 1; lastKnownFileType = text.xcconfig; name = "Pods-WeatherApp-WeatherAppUITests.debug.xcconfig"; path = "Target Support Files/Pods-WeatherApp-WeatherAppUITests/Pods-WeatherApp-WeatherAppUITests.debug.xcconfig"; sourceTree = "<group>"; };
		C93A39612BADF77C00656F77 /* UIScreen.swift */ = {isa = PBXFileReference; lastKnownFileType = sourcecode.swift; path = UIScreen.swift; sourceTree = "<group>"; };
		C93A39632BADFB3100656F77 /* TemperatureModel.swift */ = {isa = PBXFileReference; lastKnownFileType = sourcecode.swift; path = TemperatureModel.swift; sourceTree = "<group>"; };
		C93A39652BAE0B9500656F77 /* WeatherPropModel.swift */ = {isa = PBXFileReference; lastKnownFileType = sourcecode.swift; path = WeatherPropModel.swift; sourceTree = "<group>"; };
		C9C447642B89268D00FB05BA /* WeatherApp.app */ = {isa = PBXFileReference; explicitFileType = wrapper.application; includeInIndex = 0; path = WeatherApp.app; sourceTree = BUILT_PRODUCTS_DIR; };
		C9C447672B89268D00FB05BA /* WeatherAppApp.swift */ = {isa = PBXFileReference; lastKnownFileType = sourcecode.swift; path = WeatherAppApp.swift; sourceTree = "<group>"; };
		C9C447692B89268D00FB05BA /* HomeView.swift */ = {isa = PBXFileReference; lastKnownFileType = sourcecode.swift; path = HomeView.swift; sourceTree = "<group>"; };
		C9C4476B2B89268E00FB05BA /* Assets.xcassets */ = {isa = PBXFileReference; lastKnownFileType = folder.assetcatalog; path = Assets.xcassets; sourceTree = "<group>"; };
		C9C4476E2B89268E00FB05BA /* Preview Assets.xcassets */ = {isa = PBXFileReference; lastKnownFileType = folder.assetcatalog; path = "Preview Assets.xcassets"; sourceTree = "<group>"; };
		C9C447742B89268E00FB05BA /* WeatherAppTests.xctest */ = {isa = PBXFileReference; explicitFileType = wrapper.cfbundle; includeInIndex = 0; path = WeatherAppTests.xctest; sourceTree = BUILT_PRODUCTS_DIR; };
		C9C447782B89268E00FB05BA /* WeatherAppTests.swift */ = {isa = PBXFileReference; lastKnownFileType = sourcecode.swift; path = WeatherAppTests.swift; sourceTree = "<group>"; };
		C9C4477E2B89268F00FB05BA /* WeatherAppUITests.xctest */ = {isa = PBXFileReference; explicitFileType = wrapper.cfbundle; includeInIndex = 0; path = WeatherAppUITests.xctest; sourceTree = BUILT_PRODUCTS_DIR; };
		C9C447822B89268F00FB05BA /* WeatherAppUITests.swift */ = {isa = PBXFileReference; lastKnownFileType = sourcecode.swift; path = WeatherAppUITests.swift; sourceTree = "<group>"; };
		C9C447842B89268F00FB05BA /* WeatherAppUITestsLaunchTests.swift */ = {isa = PBXFileReference; lastKnownFileType = sourcecode.swift; path = WeatherAppUITestsLaunchTests.swift; sourceTree = "<group>"; };
		C9C447932B8930CD00FB05BA /* WeatherModel.swift */ = {isa = PBXFileReference; lastKnownFileType = sourcecode.swift; path = WeatherModel.swift; sourceTree = "<group>"; };
		CF4D3662DBE0F0F64A40724C /* Pods-WeatherApp.release.xcconfig */ = {isa = PBXFileReference; includeInIndex = 1; lastKnownFileType = text.xcconfig; name = "Pods-WeatherApp.release.xcconfig"; path = "Target Support Files/Pods-WeatherApp/Pods-WeatherApp.release.xcconfig"; sourceTree = "<group>"; };
/* End PBXFileReference section */

/* Begin PBXFrameworksBuildPhase section */
		C9C447612B89268D00FB05BA /* Frameworks */ = {
			isa = PBXFrameworksBuildPhase;
			buildActionMask = 2147483647;
			files = (
				C6CEAFFB8AACB07B2811AA8B /* Pods_WeatherApp.framework in Frameworks */,
			);
			runOnlyForDeploymentPostprocessing = 0;
		};
		C9C447712B89268E00FB05BA /* Frameworks */ = {
			isa = PBXFrameworksBuildPhase;
			buildActionMask = 2147483647;
			files = (
				8E1E0D1AE44E4657891D6C83 /* Pods_WeatherAppTests.framework in Frameworks */,
			);
			runOnlyForDeploymentPostprocessing = 0;
		};
		C9C4477B2B89268F00FB05BA /* Frameworks */ = {
			isa = PBXFrameworksBuildPhase;
			buildActionMask = 2147483647;
			files = (
				25EE2FDD76EB478B3A313A08 /* Pods_WeatherApp_WeatherAppUITests.framework in Frameworks */,
			);
			runOnlyForDeploymentPostprocessing = 0;
		};
/* End PBXFrameworksBuildPhase section */

/* Begin PBXGroup section */
		2D04A4C3A4DBC9F4786DDDFB /* Frameworks */ = {
			isa = PBXGroup;
			children = (
				7E4E29D818BF55533DB7F297 /* Pods_WeatherApp.framework */,
				17E01E69A4642C4BCCA64478 /* Pods_WeatherApp_WeatherAppUITests.framework */,
				7A9220CA2CFAE21C94144DD9 /* Pods_WeatherAppTests.framework */,
			);
			name = Frameworks;
			sourceTree = "<group>";
		};
		652336BE8B6F6A99CF9E5F1B /* Pods */ = {
			isa = PBXGroup;
			children = (
				2F75677C6748898556B43B73 /* Pods-WeatherApp.debug.xcconfig */,
				CF4D3662DBE0F0F64A40724C /* Pods-WeatherApp.release.xcconfig */,
				C454DF23D2F67E1199258E1A /* Pods-WeatherApp-WeatherAppUITests.debug.xcconfig */,
				2B95A887FFCDC6AE904CA48B /* Pods-WeatherApp-WeatherAppUITests.release.xcconfig */,
				4315D2801B19011693F9DCC7 /* Pods-WeatherAppTests.debug.xcconfig */,
				122EF7696DE377D58D4823CA /* Pods-WeatherAppTests.release.xcconfig */,
			);
			path = Pods;
			sourceTree = "<group>";
		};
		C93A39672BAEF87900656F77 /* Features */ = {
			isa = PBXGroup;
			children = (
				C93A39682BAEF88300656F77 /* Home */,
			);
			path = Features;
			sourceTree = "<group>";
		};
		C93A39682BAEF88300656F77 /* Home */ = {
			isa = PBXGroup;
			children = (
				C93A396A2BAEF8CF00656F77 /* Models */,
				C93A39692BAEF8A300656F77 /* View */,
			);
			path = Home;
			sourceTree = "<group>";
		};
		C93A39692BAEF8A300656F77 /* View */ = {
			isa = PBXGroup;
			children = (
				C9C447692B89268D00FB05BA /* HomeView.swift */,
			);
			path = View;
			sourceTree = "<group>";
		};
		C93A396A2BAEF8CF00656F77 /* Models */ = {
			isa = PBXGroup;
			children = (
				C9C447932B8930CD00FB05BA /* WeatherModel.swift */,
				C93A39632BADFB3100656F77 /* TemperatureModel.swift */,
				C93A39652BAE0B9500656F77 /* WeatherPropModel.swift */,
			);
			path = Models;
			sourceTree = "<group>";
		};
		C93A396B2BAEF8DC00656F77 /* Core */ = {
			isa = PBXGroup;
			children = (
				C93A396C2BAEF8E100656F77 /* Extensions */,
			);
			path = Core;
			sourceTree = "<group>";
		};
		C93A396C2BAEF8E100656F77 /* Extensions */ = {
			isa = PBXGroup;
			children = (
				C93A39612BADF77C00656F77 /* UIScreen.swift */,
			);
			path = Extensions;
			sourceTree = "<group>";
		};
		C9C4475B2B89268D00FB05BA = {
			isa = PBXGroup;
			children = (
				C9C447662B89268D00FB05BA /* WeatherApp */,
				C9C447772B89268E00FB05BA /* WeatherAppTests */,
				C9C447812B89268F00FB05BA /* WeatherAppUITests */,
				C9C447652B89268D00FB05BA /* Products */,
				652336BE8B6F6A99CF9E5F1B /* Pods */,
				2D04A4C3A4DBC9F4786DDDFB /* Frameworks */,
			);
			sourceTree = "<group>";
		};
		C9C447652B89268D00FB05BA /* Products */ = {
			isa = PBXGroup;
			children = (
				C9C447642B89268D00FB05BA /* WeatherApp.app */,
				C9C447742B89268E00FB05BA /* WeatherAppTests.xctest */,
				C9C4477E2B89268F00FB05BA /* WeatherAppUITests.xctest */,
			);
			name = Products;
			sourceTree = "<group>";
		};
		C9C447662B89268D00FB05BA /* WeatherApp */ = {
			isa = PBXGroup;
			children = (
				C93A396B2BAEF8DC00656F77 /* Core */,
				C93A39672BAEF87900656F77 /* Features */,
				C9C447672B89268D00FB05BA /* WeatherAppApp.swift */,
				C9C4476B2B89268E00FB05BA /* Assets.xcassets */,
				C9C4476D2B89268E00FB05BA /* Preview Content */,
			);
			path = WeatherApp;
			sourceTree = "<group>";
		};
		C9C4476D2B89268E00FB05BA /* Preview Content */ = {
			isa = PBXGroup;
			children = (
				C9C4476E2B89268E00FB05BA /* Preview Assets.xcassets */,
			);
			path = "Preview Content";
			sourceTree = "<group>";
		};
		C9C447772B89268E00FB05BA /* WeatherAppTests */ = {
			isa = PBXGroup;
			children = (
				C9C447782B89268E00FB05BA /* WeatherAppTests.swift */,
			);
			path = WeatherAppTests;
			sourceTree = "<group>";
		};
		C9C447812B89268F00FB05BA /* WeatherAppUITests */ = {
			isa = PBXGroup;
			children = (
				C9C447822B89268F00FB05BA /* WeatherAppUITests.swift */,
				C9C447842B89268F00FB05BA /* WeatherAppUITestsLaunchTests.swift */,
			);
			path = WeatherAppUITests;
			sourceTree = "<group>";
		};
/* End PBXGroup section */

/* Begin PBXNativeTarget section */
		C9C447632B89268D00FB05BA /* WeatherApp */ = {
			isa = PBXNativeTarget;
			buildConfigurationList = C9C447882B89268F00FB05BA /* Build configuration list for PBXNativeTarget "WeatherApp" */;
			buildPhases = (
				F3C889525CD0968626C4242F /* [CP] Check Pods Manifest.lock */,
				C9C447602B89268D00FB05BA /* Sources */,
				C9C447612B89268D00FB05BA /* Frameworks */,
				C9C447622B89268D00FB05BA /* Resources */,
				C994D0632BADB65900A6EDB6 /* ShellScript */,
			);
			buildRules = (
			);
			dependencies = (
			);
			name = WeatherApp;
			productName = WeatherApp;
			productReference = C9C447642B89268D00FB05BA /* WeatherApp.app */;
			productType = "com.apple.product-type.application";
		};
		C9C447732B89268E00FB05BA /* WeatherAppTests */ = {
			isa = PBXNativeTarget;
			buildConfigurationList = C9C4478B2B89268F00FB05BA /* Build configuration list for PBXNativeTarget "WeatherAppTests" */;
			buildPhases = (
				ABE1036C91C8ECF60FAC6C0B /* [CP] Check Pods Manifest.lock */,
				C9C447702B89268E00FB05BA /* Sources */,
				C9C447712B89268E00FB05BA /* Frameworks */,
				C9C447722B89268E00FB05BA /* Resources */,
			);
			buildRules = (
			);
			dependencies = (
				C9C447762B89268E00FB05BA /* PBXTargetDependency */,
			);
			name = WeatherAppTests;
			productName = WeatherAppTests;
			productReference = C9C447742B89268E00FB05BA /* WeatherAppTests.xctest */;
			productType = "com.apple.product-type.bundle.unit-test";
		};
		C9C4477D2B89268F00FB05BA /* WeatherAppUITests */ = {
			isa = PBXNativeTarget;
			buildConfigurationList = C9C4478E2B89268F00FB05BA /* Build configuration list for PBXNativeTarget "WeatherAppUITests" */;
			buildPhases = (
				FF71BACD4569DFAD532636D3 /* [CP] Check Pods Manifest.lock */,
				C9C4477A2B89268F00FB05BA /* Sources */,
				C9C4477B2B89268F00FB05BA /* Frameworks */,
				C9C4477C2B89268F00FB05BA /* Resources */,
			);
			buildRules = (
			);
			dependencies = (
				C9C447802B89268F00FB05BA /* PBXTargetDependency */,
			);
			name = WeatherAppUITests;
			productName = WeatherAppUITests;
			productReference = C9C4477E2B89268F00FB05BA /* WeatherAppUITests.xctest */;
			productType = "com.apple.product-type.bundle.ui-testing";
		};
/* End PBXNativeTarget section */

/* Begin PBXProject section */
		C9C4475C2B89268D00FB05BA /* Project object */ = {
			isa = PBXProject;
			attributes = {
				BuildIndependentTargetsInParallel = 1;
				LastSwiftUpdateCheck = 1520;
				LastUpgradeCheck = 1520;
				TargetAttributes = {
					C9C447632B89268D00FB05BA = {
						CreatedOnToolsVersion = 15.2;
					};
					C9C447732B89268E00FB05BA = {
						CreatedOnToolsVersion = 15.2;
						TestTargetID = C9C447632B89268D00FB05BA;
					};
					C9C4477D2B89268F00FB05BA = {
						CreatedOnToolsVersion = 15.2;
						TestTargetID = C9C447632B89268D00FB05BA;
					};
				};
			};
			buildConfigurationList = C9C4475F2B89268D00FB05BA /* Build configuration list for PBXProject "WeatherApp" */;
			compatibilityVersion = "Xcode 14.0";
			developmentRegion = en;
			hasScannedForEncodings = 0;
			knownRegions = (
				en,
				Base,
			);
			mainGroup = C9C4475B2B89268D00FB05BA;
			productRefGroup = C9C447652B89268D00FB05BA /* Products */;
			projectDirPath = "";
			projectRoot = "";
			targets = (
				C9C447632B89268D00FB05BA /* WeatherApp */,
				C9C447732B89268E00FB05BA /* WeatherAppTests */,
				C9C4477D2B89268F00FB05BA /* WeatherAppUITests */,
			);
		};
/* End PBXProject section */

/* Begin PBXResourcesBuildPhase section */
		C9C447622B89268D00FB05BA /* Resources */ = {
			isa = PBXResourcesBuildPhase;
			buildActionMask = 2147483647;
			files = (
				C9C4476F2B89268E00FB05BA /* Preview Assets.xcassets in Resources */,
				C9C4476C2B89268E00FB05BA /* Assets.xcassets in Resources */,
			);
			runOnlyForDeploymentPostprocessing = 0;
		};
		C9C447722B89268E00FB05BA /* Resources */ = {
			isa = PBXResourcesBuildPhase;
			buildActionMask = 2147483647;
			files = (
			);
			runOnlyForDeploymentPostprocessing = 0;
		};
		C9C4477C2B89268F00FB05BA /* Resources */ = {
			isa = PBXResourcesBuildPhase;
			buildActionMask = 2147483647;
			files = (
			);
			runOnlyForDeploymentPostprocessing = 0;
		};
/* End PBXResourcesBuildPhase section */

/* Begin PBXShellScriptBuildPhase section */
		ABE1036C91C8ECF60FAC6C0B /* [CP] Check Pods Manifest.lock */ = {
			isa = PBXShellScriptBuildPhase;
			buildActionMask = 2147483647;
			files = (
			);
			inputFileListPaths = (
			);
			inputPaths = (
				"${PODS_PODFILE_DIR_PATH}/Podfile.lock",
				"${PODS_ROOT}/Manifest.lock",
			);
			name = "[CP] Check Pods Manifest.lock";
			outputFileListPaths = (
			);
			outputPaths = (
				"$(DERIVED_FILE_DIR)/Pods-WeatherAppTests-checkManifestLockResult.txt",
			);
			runOnlyForDeploymentPostprocessing = 0;
			shellPath = /bin/sh;
			shellScript = "diff \"${PODS_PODFILE_DIR_PATH}/Podfile.lock\" \"${PODS_ROOT}/Manifest.lock\" > /dev/null\nif [ $? != 0 ] ; then\n    # print error to STDERR\n    echo \"error: The sandbox is not in sync with the Podfile.lock. Run 'pod install' or update your CocoaPods installation.\" >&2\n    exit 1\nfi\n# This output is used by Xcode 'outputs' to avoid re-running this script phase.\necho \"SUCCESS\" > \"${SCRIPT_OUTPUT_FILE_0}\"\n";
			showEnvVarsInLog = 0;
		};
		C994D0632BADB65900A6EDB6 /* ShellScript */ = {
			isa = PBXShellScriptBuildPhase;
			buildActionMask = 2147483647;
			files = (
			);
			inputFileListPaths = (
			);
			inputPaths = (
			);
			outputFileListPaths = (
			);
			outputPaths = (
			);
			runOnlyForDeploymentPostprocessing = 0;
			shellPath = /bin/sh;
			shellScript = "PATH=/opt/homebrew/bin:$PATH\nif [ -f ~/com.raywenderlich.swiftlint.yml ]; then\n  if which swiftlint >/dev/null; then\n    swiftlint --no-cache --config ~/com.raywenderlich.swiftlint.yml\n  fi\nfi\n";
		};
		F3C889525CD0968626C4242F /* [CP] Check Pods Manifest.lock */ = {
			isa = PBXShellScriptBuildPhase;
			buildActionMask = 2147483647;
			files = (
			);
			inputFileListPaths = (
			);
			inputPaths = (
				"${PODS_PODFILE_DIR_PATH}/Podfile.lock",
				"${PODS_ROOT}/Manifest.lock",
			);
			name = "[CP] Check Pods Manifest.lock";
			outputFileListPaths = (
			);
			outputPaths = (
				"$(DERIVED_FILE_DIR)/Pods-WeatherApp-checkManifestLockResult.txt",
			);
			runOnlyForDeploymentPostprocessing = 0;
			shellPath = /bin/sh;
			shellScript = "diff \"${PODS_PODFILE_DIR_PATH}/Podfile.lock\" \"${PODS_ROOT}/Manifest.lock\" > /dev/null\nif [ $? != 0 ] ; then\n    # print error to STDERR\n    echo \"error: The sandbox is not in sync with the Podfile.lock. Run 'pod install' or update your CocoaPods installation.\" >&2\n    exit 1\nfi\n# This output is used by Xcode 'outputs' to avoid re-running this script phase.\necho \"SUCCESS\" > \"${SCRIPT_OUTPUT_FILE_0}\"\n";
			showEnvVarsInLog = 0;
		};
		FF71BACD4569DFAD532636D3 /* [CP] Check Pods Manifest.lock */ = {
			isa = PBXShellScriptBuildPhase;
			buildActionMask = 2147483647;
			files = (
			);
			inputFileListPaths = (
			);
			inputPaths = (
				"${PODS_PODFILE_DIR_PATH}/Podfile.lock",
				"${PODS_ROOT}/Manifest.lock",
			);
			name = "[CP] Check Pods Manifest.lock";
			outputFileListPaths = (
			);
			outputPaths = (
				"$(DERIVED_FILE_DIR)/Pods-WeatherApp-WeatherAppUITests-checkManifestLockResult.txt",
			);
			runOnlyForDeploymentPostprocessing = 0;
			shellPath = /bin/sh;
			shellScript = "diff \"${PODS_PODFILE_DIR_PATH}/Podfile.lock\" \"${PODS_ROOT}/Manifest.lock\" > /dev/null\nif [ $? != 0 ] ; then\n    # print error to STDERR\n    echo \"error: The sandbox is not in sync with the Podfile.lock. Run 'pod install' or update your CocoaPods installation.\" >&2\n    exit 1\nfi\n# This output is used by Xcode 'outputs' to avoid re-running this script phase.\necho \"SUCCESS\" > \"${SCRIPT_OUTPUT_FILE_0}\"\n";
			showEnvVarsInLog = 0;
		};
/* End PBXShellScriptBuildPhase section */

/* Begin PBXSourcesBuildPhase section */
		C9C447602B89268D00FB05BA /* Sources */ = {
			isa = PBXSourcesBuildPhase;
			buildActionMask = 2147483647;
			files = (
				C9C4476A2B89268D00FB05BA /* HomeView.swift in Sources */,
				C93A39662BAE0B9500656F77 /* WeatherPropModel.swift in Sources */,
				C93A39642BADFB3100656F77 /* TemperatureModel.swift in Sources */,
				C9C447942B8930CD00FB05BA /* WeatherModel.swift in Sources */,
				C9C447682B89268D00FB05BA /* WeatherAppApp.swift in Sources */,
				C93A39622BADF77D00656F77 /* UIScreen.swift in Sources */,
			);
			runOnlyForDeploymentPostprocessing = 0;
		};
		C9C447702B89268E00FB05BA /* Sources */ = {
			isa = PBXSourcesBuildPhase;
			buildActionMask = 2147483647;
			files = (
				C9C447792B89268E00FB05BA /* WeatherAppTests.swift in Sources */,
			);
			runOnlyForDeploymentPostprocessing = 0;
		};
		C9C4477A2B89268F00FB05BA /* Sources */ = {
			isa = PBXSourcesBuildPhase;
			buildActionMask = 2147483647;
			files = (
				C9C447832B89268F00FB05BA /* WeatherAppUITests.swift in Sources */,
				C9C447852B89268F00FB05BA /* WeatherAppUITestsLaunchTests.swift in Sources */,
			);
			runOnlyForDeploymentPostprocessing = 0;
		};
/* End PBXSourcesBuildPhase section */

/* Begin PBXTargetDependency section */
		C9C447762B89268E00FB05BA /* PBXTargetDependency */ = {
			isa = PBXTargetDependency;
			target = C9C447632B89268D00FB05BA /* WeatherApp */;
			targetProxy = C9C447752B89268E00FB05BA /* PBXContainerItemProxy */;
		};
		C9C447802B89268F00FB05BA /* PBXTargetDependency */ = {
			isa = PBXTargetDependency;
			target = C9C447632B89268D00FB05BA /* WeatherApp */;
			targetProxy = C9C4477F2B89268F00FB05BA /* PBXContainerItemProxy */;
		};
/* End PBXTargetDependency section */

/* Begin XCBuildConfiguration section */
		C9C447862B89268F00FB05BA /* Debug */ = {
			isa = XCBuildConfiguration;
			buildSettings = {
				ALWAYS_SEARCH_USER_PATHS = NO;
				ASSETCATALOG_COMPILER_GENERATE_SWIFT_ASSET_SYMBOL_EXTENSIONS = YES;
				CLANG_ANALYZER_NONNULL = YES;
				CLANG_ANALYZER_NUMBER_OBJECT_CONVERSION = YES_AGGRESSIVE;
				CLANG_CXX_LANGUAGE_STANDARD = "gnu++20";
				CLANG_ENABLE_MODULES = YES;
				CLANG_ENABLE_OBJC_ARC = YES;
				CLANG_ENABLE_OBJC_WEAK = YES;
				CLANG_WARN_BLOCK_CAPTURE_AUTORELEASING = YES;
				CLANG_WARN_BOOL_CONVERSION = YES;
				CLANG_WARN_COMMA = YES;
				CLANG_WARN_CONSTANT_CONVERSION = YES;
				CLANG_WARN_DEPRECATED_OBJC_IMPLEMENTATIONS = YES;
				CLANG_WARN_DIRECT_OBJC_ISA_USAGE = YES_ERROR;
				CLANG_WARN_DOCUMENTATION_COMMENTS = YES;
				CLANG_WARN_EMPTY_BODY = YES;
				CLANG_WARN_ENUM_CONVERSION = YES;
				CLANG_WARN_INFINITE_RECURSION = YES;
				CLANG_WARN_INT_CONVERSION = YES;
				CLANG_WARN_NON_LITERAL_NULL_CONVERSION = YES;
				CLANG_WARN_OBJC_IMPLICIT_RETAIN_SELF = YES;
				CLANG_WARN_OBJC_LITERAL_CONVERSION = YES;
				CLANG_WARN_OBJC_ROOT_CLASS = YES_ERROR;
				CLANG_WARN_QUOTED_INCLUDE_IN_FRAMEWORK_HEADER = YES;
				CLANG_WARN_RANGE_LOOP_ANALYSIS = YES;
				CLANG_WARN_STRICT_PROTOTYPES = YES;
				CLANG_WARN_SUSPICIOUS_MOVE = YES;
				CLANG_WARN_UNGUARDED_AVAILABILITY = YES_AGGRESSIVE;
				CLANG_WARN_UNREACHABLE_CODE = YES;
				CLANG_WARN__DUPLICATE_METHOD_MATCH = YES;
				COPY_PHASE_STRIP = NO;
				DEBUG_INFORMATION_FORMAT = dwarf;
				ENABLE_STRICT_OBJC_MSGSEND = YES;
				ENABLE_TESTABILITY = YES;
				ENABLE_USER_SCRIPT_SANDBOXING = NO;
				GCC_C_LANGUAGE_STANDARD = gnu17;
				GCC_DYNAMIC_NO_PIC = NO;
				GCC_NO_COMMON_BLOCKS = YES;
				GCC_OPTIMIZATION_LEVEL = 0;
				GCC_PREPROCESSOR_DEFINITIONS = (
					"DEBUG=1",
					"$(inherited)",
				);
				GCC_WARN_64_TO_32_BIT_CONVERSION = YES;
				GCC_WARN_ABOUT_RETURN_TYPE = YES_ERROR;
				GCC_WARN_UNDECLARED_SELECTOR = YES;
				GCC_WARN_UNINITIALIZED_AUTOS = YES_AGGRESSIVE;
				GCC_WARN_UNUSED_FUNCTION = YES;
				GCC_WARN_UNUSED_VARIABLE = YES;
				IPHONEOS_DEPLOYMENT_TARGET = 17.2;
				LOCALIZATION_PREFERS_STRING_CATALOGS = YES;
				MTL_ENABLE_DEBUG_INFO = INCLUDE_SOURCE;
				MTL_FAST_MATH = YES;
				ONLY_ACTIVE_ARCH = YES;
				SDKROOT = iphoneos;
				SWIFT_ACTIVE_COMPILATION_CONDITIONS = "DEBUG $(inherited)";
				SWIFT_OPTIMIZATION_LEVEL = "-Onone";
			};
			name = Debug;
		};
		C9C447872B89268F00FB05BA /* Release */ = {
			isa = XCBuildConfiguration;
			buildSettings = {
				ALWAYS_SEARCH_USER_PATHS = NO;
				ASSETCATALOG_COMPILER_GENERATE_SWIFT_ASSET_SYMBOL_EXTENSIONS = YES;
				CLANG_ANALYZER_NONNULL = YES;
				CLANG_ANALYZER_NUMBER_OBJECT_CONVERSION = YES_AGGRESSIVE;
				CLANG_CXX_LANGUAGE_STANDARD = "gnu++20";
				CLANG_ENABLE_MODULES = YES;
				CLANG_ENABLE_OBJC_ARC = YES;
				CLANG_ENABLE_OBJC_WEAK = YES;
				CLANG_WARN_BLOCK_CAPTURE_AUTORELEASING = YES;
				CLANG_WARN_BOOL_CONVERSION = YES;
				CLANG_WARN_COMMA = YES;
				CLANG_WARN_CONSTANT_CONVERSION = YES;
				CLANG_WARN_DEPRECATED_OBJC_IMPLEMENTATIONS = YES;
				CLANG_WARN_DIRECT_OBJC_ISA_USAGE = YES_ERROR;
				CLANG_WARN_DOCUMENTATION_COMMENTS = YES;
				CLANG_WARN_EMPTY_BODY = YES;
				CLANG_WARN_ENUM_CONVERSION = YES;
				CLANG_WARN_INFINITE_RECURSION = YES;
				CLANG_WARN_INT_CONVERSION = YES;
				CLANG_WARN_NON_LITERAL_NULL_CONVERSION = YES;
				CLANG_WARN_OBJC_IMPLICIT_RETAIN_SELF = YES;
				CLANG_WARN_OBJC_LITERAL_CONVERSION = YES;
				CLANG_WARN_OBJC_ROOT_CLASS = YES_ERROR;
				CLANG_WARN_QUOTED_INCLUDE_IN_FRAMEWORK_HEADER = YES;
				CLANG_WARN_RANGE_LOOP_ANALYSIS = YES;
				CLANG_WARN_STRICT_PROTOTYPES = YES;
				CLANG_WARN_SUSPICIOUS_MOVE = YES;
				CLANG_WARN_UNGUARDED_AVAILABILITY = YES_AGGRESSIVE;
				CLANG_WARN_UNREACHABLE_CODE = YES;
				CLANG_WARN__DUPLICATE_METHOD_MATCH = YES;
				COPY_PHASE_STRIP = NO;
				DEBUG_INFORMATION_FORMAT = "dwarf-with-dsym";
				ENABLE_NS_ASSERTIONS = NO;
				ENABLE_STRICT_OBJC_MSGSEND = YES;
				ENABLE_USER_SCRIPT_SANDBOXING = NO;
				GCC_C_LANGUAGE_STANDARD = gnu17;
				GCC_NO_COMMON_BLOCKS = YES;
				GCC_WARN_64_TO_32_BIT_CONVERSION = YES;
				GCC_WARN_ABOUT_RETURN_TYPE = YES_ERROR;
				GCC_WARN_UNDECLARED_SELECTOR = YES;
				GCC_WARN_UNINITIALIZED_AUTOS = YES_AGGRESSIVE;
				GCC_WARN_UNUSED_FUNCTION = YES;
				GCC_WARN_UNUSED_VARIABLE = YES;
				IPHONEOS_DEPLOYMENT_TARGET = 17.2;
				LOCALIZATION_PREFERS_STRING_CATALOGS = YES;
				MTL_ENABLE_DEBUG_INFO = NO;
				MTL_FAST_MATH = YES;
				SDKROOT = iphoneos;
				SWIFT_COMPILATION_MODE = wholemodule;
				VALIDATE_PRODUCT = YES;
			};
			name = Release;
		};
		C9C447892B89268F00FB05BA /* Debug */ = {
			isa = XCBuildConfiguration;
			baseConfigurationReference = 2F75677C6748898556B43B73 /* Pods-WeatherApp.debug.xcconfig */;
			buildSettings = {
				ASSETCATALOG_COMPILER_APPICON_NAME = AppIcon;
				ASSETCATALOG_COMPILER_GLOBAL_ACCENT_COLOR_NAME = AccentColor;
				CODE_SIGN_STYLE = Automatic;
				CURRENT_PROJECT_VERSION = 1;
				DEVELOPMENT_ASSET_PATHS = "\"WeatherApp/Preview Content\"";
				DEVELOPMENT_TEAM = ZLVCBF66U4;
				ENABLE_PREVIEWS = YES;
				GENERATE_INFOPLIST_FILE = YES;
				INFOPLIST_KEY_UIApplicationSceneManifest_Generation = YES;
				INFOPLIST_KEY_UIApplicationSupportsIndirectInputEvents = YES;
				INFOPLIST_KEY_UILaunchScreen_Generation = YES;
				INFOPLIST_KEY_UISupportedInterfaceOrientations_iPad = "UIInterfaceOrientationPortrait UIInterfaceOrientationPortraitUpsideDown UIInterfaceOrientationLandscapeLeft UIInterfaceOrientationLandscapeRight";
				INFOPLIST_KEY_UISupportedInterfaceOrientations_iPhone = "UIInterfaceOrientationPortrait UIInterfaceOrientationLandscapeLeft UIInterfaceOrientationLandscapeRight";
				LD_RUNPATH_SEARCH_PATHS = (
					"$(inherited)",
					"@executable_path/Frameworks",
				);
				MARKETING_VERSION = 1.0;
				PRODUCT_BUNDLE_IDENTIFIER = com.egemenongel.WeatherApp;
				PRODUCT_NAME = "$(TARGET_NAME)";
				SWIFT_EMIT_LOC_STRINGS = YES;
				SWIFT_VERSION = 5.0;
				TARGETED_DEVICE_FAMILY = "1,2";
			};
			name = Debug;
		};
		C9C4478A2B89268F00FB05BA /* Release */ = {
			isa = XCBuildConfiguration;
			baseConfigurationReference = CF4D3662DBE0F0F64A40724C /* Pods-WeatherApp.release.xcconfig */;
			buildSettings = {
				ASSETCATALOG_COMPILER_APPICON_NAME = AppIcon;
				ASSETCATALOG_COMPILER_GLOBAL_ACCENT_COLOR_NAME = AccentColor;
				CODE_SIGN_STYLE = Automatic;
				CURRENT_PROJECT_VERSION = 1;
				DEVELOPMENT_ASSET_PATHS = "\"WeatherApp/Preview Content\"";
				DEVELOPMENT_TEAM = ZLVCBF66U4;
				ENABLE_PREVIEWS = YES;
				GENERATE_INFOPLIST_FILE = YES;
				INFOPLIST_KEY_UIApplicationSceneManifest_Generation = YES;
				INFOPLIST_KEY_UIApplicationSupportsIndirectInputEvents = YES;
				INFOPLIST_KEY_UILaunchScreen_Generation = YES;
				INFOPLIST_KEY_UISupportedInterfaceOrientations_iPad = "UIInterfaceOrientationPortrait UIInterfaceOrientationPortraitUpsideDown UIInterfaceOrientationLandscapeLeft UIInterfaceOrientationLandscapeRight";
				INFOPLIST_KEY_UISupportedInterfaceOrientations_iPhone = "UIInterfaceOrientationPortrait UIInterfaceOrientationLandscapeLeft UIInterfaceOrientationLandscapeRight";
				LD_RUNPATH_SEARCH_PATHS = (
					"$(inherited)",
					"@executable_path/Frameworks",
				);
				MARKETING_VERSION = 1.0;
				PRODUCT_BUNDLE_IDENTIFIER = com.egemenongel.WeatherApp;
				PRODUCT_NAME = "$(TARGET_NAME)";
				SWIFT_EMIT_LOC_STRINGS = YES;
				SWIFT_VERSION = 5.0;
				TARGETED_DEVICE_FAMILY = "1,2";
			};
			name = Release;
		};
		C9C4478C2B89268F00FB05BA /* Debug */ = {
			isa = XCBuildConfiguration;
			baseConfigurationReference = 4315D2801B19011693F9DCC7 /* Pods-WeatherAppTests.debug.xcconfig */;
			buildSettings = {
				ALWAYS_EMBED_SWIFT_STANDARD_LIBRARIES = YES;
				BUNDLE_LOADER = "$(TEST_HOST)";
				CODE_SIGN_STYLE = Automatic;
				CURRENT_PROJECT_VERSION = 1;
				DEVELOPMENT_TEAM = ZLVCBF66U4;
				GENERATE_INFOPLIST_FILE = YES;
				IPHONEOS_DEPLOYMENT_TARGET = 17.2;
				MARKETING_VERSION = 1.0;
				PRODUCT_BUNDLE_IDENTIFIER = com.egemenongel.WeatherAppTests;
				PRODUCT_NAME = "$(TARGET_NAME)";
				SWIFT_EMIT_LOC_STRINGS = NO;
				SWIFT_VERSION = 5.0;
				TARGETED_DEVICE_FAMILY = "1,2";
				TEST_HOST = "$(BUILT_PRODUCTS_DIR)/WeatherApp.app/$(BUNDLE_EXECUTABLE_FOLDER_PATH)/WeatherApp";
			};
			name = Debug;
		};
		C9C4478D2B89268F00FB05BA /* Release */ = {
			isa = XCBuildConfiguration;
			baseConfigurationReference = 122EF7696DE377D58D4823CA /* Pods-WeatherAppTests.release.xcconfig */;
			buildSettings = {
				ALWAYS_EMBED_SWIFT_STANDARD_LIBRARIES = YES;
				BUNDLE_LOADER = "$(TEST_HOST)";
				CODE_SIGN_STYLE = Automatic;
				CURRENT_PROJECT_VERSION = 1;
				DEVELOPMENT_TEAM = ZLVCBF66U4;
				GENERATE_INFOPLIST_FILE = YES;
				IPHONEOS_DEPLOYMENT_TARGET = 17.2;
				MARKETING_VERSION = 1.0;
				PRODUCT_BUNDLE_IDENTIFIER = com.egemenongel.WeatherAppTests;
				PRODUCT_NAME = "$(TARGET_NAME)";
				SWIFT_EMIT_LOC_STRINGS = NO;
				SWIFT_VERSION = 5.0;
				TARGETED_DEVICE_FAMILY = "1,2";
				TEST_HOST = "$(BUILT_PRODUCTS_DIR)/WeatherApp.app/$(BUNDLE_EXECUTABLE_FOLDER_PATH)/WeatherApp";
			};
			name = Release;
		};
		C9C4478F2B89268F00FB05BA /* Debug */ = {
			isa = XCBuildConfiguration;
			baseConfigurationReference = C454DF23D2F67E1199258E1A /* Pods-WeatherApp-WeatherAppUITests.debug.xcconfig */;
			buildSettings = {
				ALWAYS_EMBED_SWIFT_STANDARD_LIBRARIES = YES;
				CODE_SIGN_STYLE = Automatic;
				CURRENT_PROJECT_VERSION = 1;
				DEVELOPMENT_TEAM = ZLVCBF66U4;
				GENERATE_INFOPLIST_FILE = YES;
				MARKETING_VERSION = 1.0;
				PRODUCT_BUNDLE_IDENTIFIER = com.egemenongel.WeatherAppUITests;
				PRODUCT_NAME = "$(TARGET_NAME)";
				SWIFT_EMIT_LOC_STRINGS = NO;
				SWIFT_VERSION = 5.0;
				TARGETED_DEVICE_FAMILY = "1,2";
				TEST_TARGET_NAME = WeatherApp;
			};
			name = Debug;
		};
		C9C447902B89268F00FB05BA /* Release */ = {
			isa = XCBuildConfiguration;
			baseConfigurationReference = 2B95A887FFCDC6AE904CA48B /* Pods-WeatherApp-WeatherAppUITests.release.xcconfig */;
			buildSettings = {
				ALWAYS_EMBED_SWIFT_STANDARD_LIBRARIES = YES;
				CODE_SIGN_STYLE = Automatic;
				CURRENT_PROJECT_VERSION = 1;
				DEVELOPMENT_TEAM = ZLVCBF66U4;
				GENERATE_INFOPLIST_FILE = YES;
				MARKETING_VERSION = 1.0;
				PRODUCT_BUNDLE_IDENTIFIER = com.egemenongel.WeatherAppUITests;
				PRODUCT_NAME = "$(TARGET_NAME)";
				SWIFT_EMIT_LOC_STRINGS = NO;
				SWIFT_VERSION = 5.0;
				TARGETED_DEVICE_FAMILY = "1,2";
				TEST_TARGET_NAME = WeatherApp;
			};
			name = Release;
		};
/* End XCBuildConfiguration section */

/* Begin XCConfigurationList section */
		C9C4475F2B89268D00FB05BA /* Build configuration list for PBXProject "WeatherApp" */ = {
			isa = XCConfigurationList;
			buildConfigurations = (
				C9C447862B89268F00FB05BA /* Debug */,
				C9C447872B89268F00FB05BA /* Release */,
			);
			defaultConfigurationIsVisible = 0;
			defaultConfigurationName = Release;
		};
		C9C447882B89268F00FB05BA /* Build configuration list for PBXNativeTarget "WeatherApp" */ = {
			isa = XCConfigurationList;
			buildConfigurations = (
				C9C447892B89268F00FB05BA /* Debug */,
				C9C4478A2B89268F00FB05BA /* Release */,
			);
			defaultConfigurationIsVisible = 0;
			defaultConfigurationName = Release;
		};
		C9C4478B2B89268F00FB05BA /* Build configuration list for PBXNativeTarget "WeatherAppTests" */ = {
			isa = XCConfigurationList;
			buildConfigurations = (
				C9C4478C2B89268F00FB05BA /* Debug */,
				C9C4478D2B89268F00FB05BA /* Release */,
			);
			defaultConfigurationIsVisible = 0;
			defaultConfigurationName = Release;
		};
		C9C4478E2B89268F00FB05BA /* Build configuration list for PBXNativeTarget "WeatherAppUITests" */ = {
			isa = XCConfigurationList;
			buildConfigurations = (
				C9C4478F2B89268F00FB05BA /* Debug */,
				C9C447902B89268F00FB05BA /* Release */,
			);
			defaultConfigurationIsVisible = 0;
			defaultConfigurationName = Release;
		};
/* End XCConfigurationList section */
	};
	rootObject = C9C4475C2B89268D00FB05BA /* Project object */;
}
